// !$*UTF8*$!
{
	archiveVersion = 1;
	classes = {
	};
	objectVersion = 50;
	objects = {

/* Begin PBXGroup section */
		B015F0CF245E1F4700E8B8B7 = {
			isa = PBXGroup;
			children = (
			);
			sourceTree = "<group>";
		};
/* End PBXGroup section */

/* Begin PBXProject section */
		B015F0D0245E1F4700E8B8B7 /* Project object */ = {
			isa = PBXProject;
			attributes = {
				LastUpgradeCheck = 1130;
			};
			buildConfigurationList = B015F0D3245E1F4700E8B8B7 /* Build configuration list for PBXProject "Stockraven" */;
			compatibilityVersion = "Xcode 9.3";
			developmentRegion = en;
			hasScannedForEncodings = 0;
			knownRegions = (
				en,
				Base,
			);
			mainGroup = B015F0CF245E1F4700E8B8B7;
			projectDirPath = "";
			projectRoot = "";
			targets = (
			);
		};
/* End PBXProject section */

/* Begin XCBuildConfiguration section */
		B015F0D4245E1F4800E8B8B7 /* Debug */ = {
			isa = XCBuildConfiguration;
			buildSettings = {
			};
			name = Debug;
		};
		B015F0D5245E1F4800E8B8B7 /* Release */ = {
			isa = XCBuildConfiguration;
			buildSettings = {
			};
			name = Release;
		};
/* End XCBuildConfiguration section */

/* Begin XCConfigurationList section */
		B015F0D3245E1F4700E8B8B7 /* Build configuration list for PBXProject "Stockraven" */ = {
			isa = XCConfigurationList;
			buildConfigurations = (
				B015F0D4245E1F4800E8B8B7 /* Debug */,
				B015F0D5245E1F4800E8B8B7 /* Release */,
			);
			defaultConfigurationIsVisible = 0;
			defaultConfigurationName = Release;
		};
/* End XCConfigurationList section */
	};
	rootObject = B015F0D0245E1F4700E8B8B7 /* Project object */;
}
